
Microsoft Visual Studio Solution File, Format Version 12.00
# Visual Studio Version 17
VisualStudioVersion = 17.14.36310.24 d17.14
MinimumVisualStudioVersion = 10.0.40219.1
Project("{8BC9CEB8-8B4A-11D0-8D11-00A0C91BC942}") = "UnsignedInts_4_5", "UnsignedInts_4_5.vcxproj", "{0CF53692-1DC3-4FED-B002-84C098EC1DCB}"
EndProject
Global
	GlobalSection(SolutionConfigurationPlatforms) = preSolution
		Debug|x64 = Debug|x64
		Debug|x86 = Debug|x86
		Release|x64 = Release|x64
		Release|x86 = Release|x86
	EndGlobalSection
	GlobalSection(ProjectConfigurationPlatforms) = postSolution
		{0CF53692-1DC3-4FED-B002-84C098EC1DCB}.Debug|x64.ActiveCfg = Debug|x64
		{0CF53692-1DC3-4FED-B002-84C098EC1DCB}.Debug|x64.Build.0 = Debug|x64
		{0CF53692-1DC3-4FED-B002-84C098EC1DCB}.Debug|x86.ActiveCfg = Debug|Win32
		{0CF53692-1DC3-4FED-B002-84C098EC1DCB}.Debug|x86.Build.0 = Debug|Win32
		{0CF53692-1DC3-4FED-B002-84C098EC1DCB}.Release|x64.ActiveCfg = Release|x64
		{0CF53692-1DC3-4FED-B002-84C098EC1DCB}.Release|x64.Build.0 = Release|x64
		{0CF53692-1DC3-4FED-B002-84C098EC1DCB}.Release|x86.ActiveCfg = Release|Win32
		{0CF53692-1DC3-4FED-B002-84C098EC1DCB}.Release|x86.Build.0 = Release|Win32
	EndGlobalSection
	GlobalSection(SolutionProperties) = preSolution
		HideSolutionNode = FALSE
	EndGlobalSection
	GlobalSection(ExtensibilityGlobals) = postSolution
		SolutionGuid = {3FA65EA2-84BF-4FB9-8A69-9E29629A427F}
	EndGlobalSection
EndGlobal
