
Microsoft Visual Studio Solution File, Format Version 12.00
# Visual Studio Version 17
VisualStudioVersion = 17.14.36310.24 d17.14
MinimumVisualStudioVersion = 10.0.40219.1
Project("{8BC9CEB8-8B4A-11D0-8D11-00A0C91BC942}") = "Ch3_Qn3", "Ch3_Qn3.vcxproj", "{D06EE91A-AA0F-42A8-B208-2AD373F11B28}"
EndProject
Global
	GlobalSection(SolutionConfigurationPlatforms) = preSolution
		Debug|x64 = Debug|x64
		Debug|x86 = Debug|x86
		Release|x64 = Release|x64
		Release|x86 = Release|x86
	EndGlobalSection
	GlobalSection(ProjectConfigurationPlatforms) = postSolution
		{D06EE91A-AA0F-42A8-B208-2AD373F11B28}.Debug|x64.ActiveCfg = Debug|x64
		{D06EE91A-AA0F-42A8-B208-2AD373F11B28}.Debug|x64.Build.0 = Debug|x64
		{D06EE91A-AA0F-42A8-B208-2AD373F11B28}.Debug|x86.ActiveCfg = Debug|Win32
		{D06EE91A-AA0F-42A8-B208-2AD373F11B28}.Debug|x86.Build.0 = Debug|Win32
		{D06EE91A-AA0F-42A8-B208-2AD373F11B28}.Release|x64.ActiveCfg = Release|x64
		{D06EE91A-AA0F-42A8-B208-2AD373F11B28}.Release|x64.Build.0 = Release|x64
		{D06EE91A-AA0F-42A8-B208-2AD373F11B28}.Release|x86.ActiveCfg = Release|Win32
		{D06EE91A-AA0F-42A8-B208-2AD373F11B28}.Release|x86.Build.0 = Release|Win32
	EndGlobalSection
	GlobalSection(SolutionProperties) = preSolution
		HideSolutionNode = FALSE
	EndGlobalSection
	GlobalSection(ExtensibilityGlobals) = postSolution
		SolutionGuid = {FBBD8A4A-1A7A-4F71-9E69-81A68917AC31}
	EndGlobalSection
EndGlobal
