
Microsoft Visual Studio Solution File, Format Version 12.00
# Visual Studio Version 17
VisualStudioVersion = 17.14.36310.24 d17.14
MinimumVisualStudioVersion = 10.0.40219.1
Project("{8BC9CEB8-8B4A-11D0-8D11-00A0C91BC942}") = "Chars_ModWrap_IntToUInt4_11", "Chars_ModWrap_IntToUInt4_11.vcxproj", "{B376465F-6D95-456B-943D-62CF07DE4CD4}"
EndProject
Global
	GlobalSection(SolutionConfigurationPlatforms) = preSolution
		Debug|x64 = Debug|x64
		Debug|x86 = Debug|x86
		Release|x64 = Release|x64
		Release|x86 = Release|x86
	EndGlobalSection
	GlobalSection(ProjectConfigurationPlatforms) = postSolution
		{B376465F-6D95-456B-943D-62CF07DE4CD4}.Debug|x64.ActiveCfg = Debug|x64
		{B376465F-6D95-456B-943D-62CF07DE4CD4}.Debug|x64.Build.0 = Debug|x64
		{B376465F-6D95-456B-943D-62CF07DE4CD4}.Debug|x86.ActiveCfg = Debug|Win32
		{B376465F-6D95-456B-943D-62CF07DE4CD4}.Debug|x86.Build.0 = Debug|Win32
		{B376465F-6D95-456B-943D-62CF07DE4CD4}.Release|x64.ActiveCfg = Release|x64
		{B376465F-6D95-456B-943D-62CF07DE4CD4}.Release|x64.Build.0 = Release|x64
		{B376465F-6D95-456B-943D-62CF07DE4CD4}.Release|x86.ActiveCfg = Release|Win32
		{B376465F-6D95-456B-943D-62CF07DE4CD4}.Release|x86.Build.0 = Release|Win32
	EndGlobalSection
	GlobalSection(SolutionProperties) = preSolution
		HideSolutionNode = FALSE
	EndGlobalSection
	GlobalSection(ExtensibilityGlobals) = postSolution
		SolutionGuid = {AB43D61B-AF65-4080-A28B-4D31B88C24F0}
	EndGlobalSection
EndGlobal
