
Microsoft Visual Studio Solution File, Format Version 12.00
# Visual Studio Version 17
VisualStudioVersion = 17.14.36310.24 d17.14
MinimumVisualStudioVersion = 10.0.40219.1
Project("{8BC9CEB8-8B4A-11D0-8D11-00A0C91BC942}") = "StaticCast_UInt_OutOfRng_ModWrap_4_12", "StaticCast_UInt_OutOfRng_ModWrap_4_12.vcxproj", "{55E7780C-A7E7-4271-8887-D88C575439E5}"
EndProject
Global
	GlobalSection(SolutionConfigurationPlatforms) = preSolution
		Debug|x64 = Debug|x64
		Debug|x86 = Debug|x86
		Release|x64 = Release|x64
		Release|x86 = Release|x86
	EndGlobalSection
	GlobalSection(ProjectConfigurationPlatforms) = postSolution
		{55E7780C-A7E7-4271-8887-D88C575439E5}.Debug|x64.ActiveCfg = Debug|x64
		{55E7780C-A7E7-4271-8887-D88C575439E5}.Debug|x64.Build.0 = Debug|x64
		{55E7780C-A7E7-4271-8887-D88C575439E5}.Debug|x86.ActiveCfg = Debug|Win32
		{55E7780C-A7E7-4271-8887-D88C575439E5}.Debug|x86.Build.0 = Debug|Win32
		{55E7780C-A7E7-4271-8887-D88C575439E5}.Release|x64.ActiveCfg = Release|x64
		{55E7780C-A7E7-4271-8887-D88C575439E5}.Release|x64.Build.0 = Release|x64
		{55E7780C-A7E7-4271-8887-D88C575439E5}.Release|x86.ActiveCfg = Release|Win32
		{55E7780C-A7E7-4271-8887-D88C575439E5}.Release|x86.Build.0 = Release|Win32
	EndGlobalSection
	GlobalSection(SolutionProperties) = preSolution
		HideSolutionNode = FALSE
	EndGlobalSection
	GlobalSection(ExtensibilityGlobals) = postSolution
		SolutionGuid = {CC9E7DEE-D9F4-4374-886F-649199F86DCF}
	EndGlobalSection
EndGlobal
