
Microsoft Visual Studio Solution File, Format Version 12.00
# Visual Studio Version 17
VisualStudioVersion = 17.14.36310.24 d17.14
MinimumVisualStudioVersion = 10.0.40219.1
Project("{8BC9CEB8-8B4A-11D0-8D11-00A0C91BC942}") = "Chars_ModuloWrapping_4_11", "Chars_ModuloWrapping_4_11.vcxproj", "{096523D3-C298-452A-83D2-234036439886}"
EndProject
Global
	GlobalSection(SolutionConfigurationPlatforms) = preSolution
		Debug|x64 = Debug|x64
		Debug|x86 = Debug|x86
		Release|x64 = Release|x64
		Release|x86 = Release|x86
	EndGlobalSection
	GlobalSection(ProjectConfigurationPlatforms) = postSolution
		{096523D3-C298-452A-83D2-234036439886}.Debug|x64.ActiveCfg = Debug|x64
		{096523D3-C298-452A-83D2-234036439886}.Debug|x64.Build.0 = Debug|x64
		{096523D3-C298-452A-83D2-234036439886}.Debug|x86.ActiveCfg = Debug|Win32
		{096523D3-C298-452A-83D2-234036439886}.Debug|x86.Build.0 = Debug|Win32
		{096523D3-C298-452A-83D2-234036439886}.Release|x64.ActiveCfg = Release|x64
		{096523D3-C298-452A-83D2-234036439886}.Release|x64.Build.0 = Release|x64
		{096523D3-C298-452A-83D2-234036439886}.Release|x86.ActiveCfg = Release|Win32
		{096523D3-C298-452A-83D2-234036439886}.Release|x86.Build.0 = Release|Win32
	EndGlobalSection
	GlobalSection(SolutionProperties) = preSolution
		HideSolutionNode = FALSE
	EndGlobalSection
	GlobalSection(ExtensibilityGlobals) = postSolution
		SolutionGuid = {92A3E56E-3D6A-4504-AB8A-72558E409AC1}
	EndGlobalSection
EndGlobal
