
Microsoft Visual Studio Solution File, Format Version 12.00
# Visual Studio Version 17
VisualStudioVersion = 17.14.36310.24 d17.14
MinimumVisualStudioVersion = 10.0.40219.1
Project("{8BC9CEB8-8B4A-11D0-8D11-00A0C91BC942}") = "FloatingPointCompliantChecker_4_8", "FloatingPointCompliantChecker_4_8.vcxproj", "{E1F7D4F0-D68D-47E7-B67E-99826E2A3E1D}"
EndProject
Global
	GlobalSection(SolutionConfigurationPlatforms) = preSolution
		Debug|x64 = Debug|x64
		Debug|x86 = Debug|x86
		Release|x64 = Release|x64
		Release|x86 = Release|x86
	EndGlobalSection
	GlobalSection(ProjectConfigurationPlatforms) = postSolution
		{E1F7D4F0-D68D-47E7-B67E-99826E2A3E1D}.Debug|x64.ActiveCfg = Debug|x64
		{E1F7D4F0-D68D-47E7-B67E-99826E2A3E1D}.Debug|x64.Build.0 = Debug|x64
		{E1F7D4F0-D68D-47E7-B67E-99826E2A3E1D}.Debug|x86.ActiveCfg = Debug|Win32
		{E1F7D4F0-D68D-47E7-B67E-99826E2A3E1D}.Debug|x86.Build.0 = Debug|Win32
		{E1F7D4F0-D68D-47E7-B67E-99826E2A3E1D}.Release|x64.ActiveCfg = Release|x64
		{E1F7D4F0-D68D-47E7-B67E-99826E2A3E1D}.Release|x64.Build.0 = Release|x64
		{E1F7D4F0-D68D-47E7-B67E-99826E2A3E1D}.Release|x86.ActiveCfg = Release|Win32
		{E1F7D4F0-D68D-47E7-B67E-99826E2A3E1D}.Release|x86.Build.0 = Release|Win32
	EndGlobalSection
	GlobalSection(SolutionProperties) = preSolution
		HideSolutionNode = FALSE
	EndGlobalSection
	GlobalSection(ExtensibilityGlobals) = postSolution
		SolutionGuid = {F5ED55CD-689D-4087-BEF5-D60598A826BE}
	EndGlobalSection
EndGlobal
