
Microsoft Visual Studio Solution File, Format Version 12.00
# Visual Studio Version 17
VisualStudioVersion = 17.14.36408.4 d17.14
MinimumVisualStudioVersion = 10.0.40219.1
Project("{8BC9CEB8-8B4A-11D0-8D11-00A0C91BC942}") = "ConditionalOperator_6_6", "ConditionalOperator_6_6.vcxproj", "{48B4C029-1EA1-49CF-9EB9-FA00F7B45D34}"
EndProject
Global
	GlobalSection(SolutionConfigurationPlatforms) = preSolution
		Debug|x64 = Debug|x64
		Debug|x86 = Debug|x86
		Release|x64 = Release|x64
		Release|x86 = Release|x86
	EndGlobalSection
	GlobalSection(ProjectConfigurationPlatforms) = postSolution
		{48B4C029-1EA1-49CF-9EB9-FA00F7B45D34}.Debug|x64.ActiveCfg = Debug|x64
		{48B4C029-1EA1-49CF-9EB9-FA00F7B45D34}.Debug|x64.Build.0 = Debug|x64
		{48B4C029-1EA1-49CF-9EB9-FA00F7B45D34}.Debug|x86.ActiveCfg = Debug|Win32
		{48B4C029-1EA1-49CF-9EB9-FA00F7B45D34}.Debug|x86.Build.0 = Debug|Win32
		{48B4C029-1EA1-49CF-9EB9-FA00F7B45D34}.Release|x64.ActiveCfg = Release|x64
		{48B4C029-1EA1-49CF-9EB9-FA00F7B45D34}.Release|x64.Build.0 = Release|x64
		{48B4C029-1EA1-49CF-9EB9-FA00F7B45D34}.Release|x86.ActiveCfg = Release|Win32
		{48B4C029-1EA1-49CF-9EB9-FA00F7B45D34}.Release|x86.Build.0 = Release|Win32
	EndGlobalSection
	GlobalSection(SolutionProperties) = preSolution
		HideSolutionNode = FALSE
	EndGlobalSection
	GlobalSection(ExtensibilityGlobals) = postSolution
		SolutionGuid = {E359DFD4-5202-4420-9601-F24381DFF034}
	EndGlobalSection
EndGlobal
